{
  "name": "Working",
  "lockfileVersion": 3,
  "requires": true,
  "packages": {
    "": {
      "dependencies": {
        "@azure/msal-browser": "^5.11.0",
        "@azure/msal-react": "^5.4.2"
      }
    },
    "node_modules/@azure/msal-browser": {
      "version": "5.11.0",
      "resolved": "https://registry.npmjs.org/@azure/msal-browser/-/msal-browser-5.11.0.tgz",
      "integrity": "sha512-zkGNYS3TwY8lUpPIafAmsFCYZbgFixY9y/LZB9GUg0IILoHTqpN26j5OrkL1AQThh/YdZsawe4iWXfp85lFVxg==",
      "license": "MIT",
      "dependencies": {
        "@azure/msal-common": "16.6.2"
      },
      "engines": {
        "node": ">=0.8.0"
      }
    },
    "node_modules/@azure/msal-common": {
      "version": "16.6.2",
      "resolved": "https://registry.npmjs.org/@azure/msal-common/-/msal-common-16.6.2.tgz",
      "integrity": "sha512-hQjjsekAjB00cM1EmatWJlzhEoK2Qhz7Rj5gvM6tYf8iL7RM3tkxlpU9fG0+ofkulzg9AEEA6dIEnSmDr5ZqUA==",
      "license": "MIT",
      "engines": {
        "node": ">=0.8.0"
      }
    },
    "node_modules/@azure/msal-react": {
      "version": "5.4.2",
      "resolved": "https://registry.npmjs.org/@azure/msal-react/-/msal-react-5.4.2.tgz",
      "integrity": "sha512-UK4xVqwhdi0qKebb76Z9oI6lLnNPmpcSdoBcBBnLao4+GXPJNA1HP2Tj5mWQSwd0EPTBCcV4msNiepPdxLk+ng==",
      "license": "MIT",
      "engines": {
        "node": ">=20"
      },
      "peerDependencies": {
        "@azure/msal-browser": "^5.11.0",
        "react": "^16.8.0 || ^17 || ^18 || ^19.2.1"
      }
    },
    "node_modules/react": {
      "version": "19.2.6",
      "resolved": "https://registry.npmjs.org/react/-/react-19.2.6.tgz",
      "integrity": "sha512-sfWGGfavi0xr8Pg0sVsyHMAOziVYKgPLNrS7ig+ivMNb3wbCBw3KxtflsGBAwD3gYQlE/AEZsTLgToRrSCjb0Q==",
      "license": "MIT",
      "peer": true,
      "engines": {
        "node": ">=0.10.0"
      }
    }
  }
}
